lockfileVersion: '9.0'

settings:
  autoInstallPeers: true
  excludeLinksFromLockfile: false

importers:

  .:
    dependencies:
      react:
        specifier: 19.0.0
        version: 19.0.0
      react-dom:
        specifier: 19.0.0
        version: 19.0.0(react@19.0.0)
    devDependencies:
      vite:
        specifier: 6.1.0
        version: 6.1.0

packages:

  '@esbuild/linux-x64@0.24.2':
    resolution: {}
    engines: {node: '>=18'}
    cpu: [x64]
    os: [linux]

  '@rollup/rollup-linux-x64-gnu@4.34.8':
    resolution: {}
    cpu: [x64]
    os: [linux]

  esbuild@0.24.2:
    resolution: {}
    engines: {node: '>=18'}
    hasBin: true

  fsevents@2.3.3:
    resolution: {}
    engines: {node: ^8.16.0 || ^10.6.0 || >=11.0.0}
    os: [darwin]

  nanoid@3.3.8:
    resolution: {}
    engines: {node: ^10 || ^12 || ^13.7 || ^14 || >=15.0.1}
    hasBin: true

  picocolors@1.1.1:
    resolution: {}

  postcss@8.5.2:
    resolution: {}
    engines: {node: ^10 || ^12 || >=14}

  react-dom@19.0.0:
    resolution: {integrity: sha512-4GV5sHFG0e/0AD4X+ySy6UJd3jVl1iNsNHdpad0qhABJ11twS3TTBnseqsKurKcsNqCEFeGL3uLpVChpIO3QfQ==}
    peerDependencies:
      react: ^19.0.0

  react@19.0.0:
    resolution: {integrity: sha512-V8AVnmPIICiWpGfm6GLzCR/W5FXLchHop40W4nXBmdlEceh16rCN8O8LNWm5bh5XUX91fh7KpA+W0TgMKmgTpQ==}
    engines: {node: '>=0.10.0'}

  rollup@4.34.8:
    resolution: {}
    engines: {node: '>=18.0.0', npm: '>=8.0.0'}
    hasBin: true

  scheduler@0.25.0:
    resolution: {}

  source-map-js@1.2.1:
    resolution: {}
    engines: {node: '>=0.10.0'}

  vite@6.1.0:
    resolution: {}
    engines: {node: ^18.0.0 || ^20.0.0 || >=22.0.0}
    hasBin: true
    peerDependencies:
      '@types/node': ^18.0.0 || ^20.0.0 || >=22.0.0
      jiti: '>=1.21.0'
      less: '*'
      lightningcss: ^1.21.0
      sass: '*'
      sass-embedded: '*'
      stylus: '*'
      sugarss: '*'
      terser: ^5.16.0
      tsx: ^4.8.1
      yaml: ^2.4.2
    peerDependenciesMeta:
      '@types/node':
        optional: true
      jiti:
        optional: true
      less:
        optional: true
      lightningcss:
        optional: true
      sass:
        optional: true
      sass-embedded:
        optional: true
      stylus:
        optional: true
      sugarss:
        optional: true
      terser:
        optional: true
      tsx:
        optional: true
      yaml:
        optional: true

snapshots:

  '@esbuild/linux-x64@0.24.2': {}

  '@rollup/rollup-linux-x64-gnu@4.34.8': {}

  esbuild@0.24.2:
    optionalDependencies:
      '@esbuild/linux-x64': 0.24.2

  fsevents@2.3.3:
    optional: true

  nanoid@3.3.8: {}

  picocolors@1.1.1: {}

  postcss@8.5.2:
    dependencies:
      nanoid: 3.3.8
      picocolors: 1.1.1
      source-map-js: 1.2.1

  react-dom@19.0.0(react@19.0.0):
    dependencies:
      react: 19.0.0
      scheduler: 0.25.0

  react@19.0.0: {}

  rollup@4.34.8:
    optionalDependencies:
      '@rollup/rollup-linux-x64-gnu': 4.34.8
      fsevents: 2.3.3

  scheduler@0.25.0: {}

  source-map-js@1.2.1: {}

  vite@6.1.0:
    dependencies:
      esbuild: 0.24.2
      postcss: 8.5.2
      rollup: 4.34.8
    optionalDependencies:
      fsevents: 2.3.3
